github.com/codeGROOVE-dev/prx v0.0.0-20251016165946-00c6c6e90c29 h1:MSBy3Ywr3ky/LXhDSFbeJXDdAsfMMrzNdMNehyTvSuA=
github.com/codeGROOVE-dev/prx v0.0.0-20251016165946-00c6c6e90c29/go.mod h1:7qLbi18baOyS8yO/6/64SBIqtyzSzLFdsDST15NPH3w=
github.com/codeGROOVE-dev/retry v1.2.0 h1:xYpYPX2PQZmdHwuiQAGGzsBm392xIMl4nfMEFApQnu8=
github.com/codeGROOVE-dev/retry v1.2.0/go.mod h1:8OgefgV1XP7lzX2PdKlCXILsYKuz6b4ZpHa/20iLi8E=
