github.com/codeGROOVE-dev/fido v1.10.0 h1:i4Wb6LDd5nD/4Fnp47KAVUVhG1O1mN5jSRbCYPpBYjw=
github.com/codeGROOVE-dev/fido v1.10.0/go.mod h1:/mqfMeKCTYTGt/Y0cWm6gh8gYBKG1w8xBsTDmu+A/pU=
github.com/codeGROOVE-dev/fido/pkg/store/compress v1.10.0 h1:W3AYtR6eyPHQ8QhTsuqjNZYWk/Fev0cJiAiuw04uhlk=
github.com/codeGROOVE-dev/fido/pkg/store/compress v1.10.0/go.mod h1:0hFYQ8Y6jfrYuJb8eBimYz66tg7DDuVWbZqaI944LQM=
github.com/codeGROOVE-dev/fido/pkg/store/localfs v1.10.0 h1:oaPwuHHBuzhsWnPm7UCxgwjz7+jG3O0JenSSgPSwqv8=
github.com/codeGROOVE-dev/fido/pkg/store/localfs v1.10.0/go.mod h1:zUGzODSWykosAod0IHycxdxUOMcd2eVqd6eUdOsU73E=
github.com/codeGROOVE-dev/prx v0.0.0-20260115220920-c4be235c551a h1:ICI+y0P77vV66p457LNAcOoXeZu/DAYJ6ndwk0vH+j0=
github.com/codeGROOVE-dev/prx v0.0.0-20260115220920-c4be235c551a/go.mod h1:fm7Ku9gTU+pSv2sV+yihhjMC9Qb9YSnawakQlGSdqZU=
github.com/codeGROOVE-dev/retry v1.3.1 h1:BAkfDzs6FssxLCGWGgM97bb+6/8GTa40Cs147vXkJOg=
github.com/codeGROOVE-dev/retry v1.3.1/go.mod h1:+b3huqYGY1+ZJyuCmR8nBVLjd3WJ7qAFss+sI4s6FSc=
github.com/klauspost/compress v1.18.2 h1:iiPHWW0YrcFgpBYhsA6D1+fqHssJscY/Tm/y2Uqnapk=
github.com/klauspost/compress v1.18.2/go.mod h1:R0h/fSBs8DE4ENlcrlib3PsXS61voFxhIs2DeRhCvJ4=
github.com/pierrec/lz4/v4 v4.1.22 h1:cKFw6uJDK+/gfw5BcDL0JL5aBsAFdsIT18eRtLj7VIU=
github.com/pierrec/lz4/v4 v4.1.22/go.mod h1:gZWDp/Ze/IJXGXf23ltt2EXimqmTUXEy0GFuRQyBid4=
github.com/puzpuzpuz/xsync/v4 v4.3.0 h1:w/bWkEJdYuRNYhHn5eXnIT8LzDM1O629X1I9MJSkD7Q=
github.com/puzpuzpuz/xsync/v4 v4.3.0/go.mod h1:VJDmTCJMBt8igNxnkQd86r+8KUeN1quSfNKu5bLYFQo=
